{
  "name": "ags",
  "lockfileVersion": 3,
  "requires": true,
  "packages": {
    "": {
      "dependencies": {
        "ags": "*",
        "gnim": "*"
      },
      "devDependencies": {
        "@girs/gjs": "^4.0.4",
        "@girs/gtk-3.0": "^3.24.53-4.0.4"
      }
    },
    "../../../../usr/local/share/ags/js": {
      "name": "ags",
      "version": "3.1.2",
      "license": "LGPL-2.1",
      "os": [
        "linux"
      ],
      "devDependencies": {
        "@eslint/js": "latest",
        "eslint": "^9.39.1",
        "typescript": "^5.9.3",
        "typescript-eslint": "^8.48.0"
      },
      "engines": {
        "gjs": ">=1.79.0"
      },
      "funding": {
        "type": "kofi",
        "url": "https://ko-fi.com/aylur"
      },
      "peerDependencies": {
        "gnim": "^1.9.1"
      }
    },
    "../../../../usr/local/share/ags/js/node_modules/gnim": {
      "version": "1.9.1",
      "license": "MIT",
      "engines": {
        "gjs": ">=1.79.0"
      },
      "funding": {
        "type": "kofi",
        "url": "https://ko-fi.com/aylur"
      }
    },
    "node_modules/@girs/atk-1.0": {
      "version": "2.60.0-4.0.4",
      "resolved": "https://registry.npmjs.org/@girs/atk-1.0/-/atk-1.0-2.60.0-4.0.4.tgz",
      "integrity": "sha512-cn9zq86ClXjsM7tktEUREbXj+GVALk+8cJP6HiJUlMftUDVn6kSEcJpo4FJLNULxsgOY90Q5FmizmWVWSjTZQA==",
      "dev": true,
      "license": "MIT",
      "dependencies": {
        "@girs/gjs": "4.0.4",
        "@girs/glib-2.0": "2.88.0-4.0.4",
        "@girs/gobject-2.0": "2.88.0-4.0.4"
      }
    },
    "node_modules/@girs/cairo-1.0": {
      "version": "1.0.0-4.0.4",
      "resolved": "https://registry.npmjs.org/@girs/cairo-1.0/-/cairo-1.0-1.0.0-4.0.4.tgz",
      "integrity": "sha512-aGZmZyZgTxcOzb+v9LQhV8XuxQFjv8NGXl36xO62qb74pxBJy2IEpYf8U7HpGeiynI9sInbompE5r0gGzG3xOQ==",
      "dev": true,
      "license": "MIT",
      "dependencies": {
        "@girs/gjs": "4.0.4",
        "@girs/glib-2.0": "2.88.0-4.0.4",
        "@girs/gobject-2.0": "2.88.0-4.0.4"
      }
    },
    "node_modules/@girs/freetype2-2.0": {
      "version": "2.0.0-4.0.4",
      "resolved": "https://registry.npmjs.org/@girs/freetype2-2.0/-/freetype2-2.0-2.0.0-4.0.4.tgz",
      "integrity": "sha512-FKOxBYsfMW2KPTG2zML8No6Me5yM3cNatAt/Hr7Kjw8iPTZgGCV8TqtOHPTz9jvMajMDa/ETC+Y49GustIHi6g==",
      "dev": true,
      "license": "MIT",
      "dependencies": {
        "@girs/gjs": "4.0.4",
        "@girs/gobject-2.0": "2.88.0-4.0.4"
      }
    },
    "node_modules/@girs/gdk-3.0": {
      "version": "3.24.53-4.0.4",
      "resolved": "https://registry.npmjs.org/@girs/gdk-3.0/-/gdk-3.0-3.24.53-4.0.4.tgz",
      "integrity": "sha512-GsiIuSR09cvIdG8FA7CwtSbn0hQtCcqw8gGxLh1I3urnpD1cUQztcPPsbif7X3o+4ErMQG+eHT/wATYQ+8uSEg==",
      "dev": true,
      "license": "MIT",
      "dependencies": {
        "@girs/cairo-1.0": "1.0.0-4.0.4",
        "@girs/freetype2-2.0": "2.0.0-4.0.4",
        "@girs/gdkpixbuf-2.0": "2.0.0-4.0.4",
        "@girs/gio-2.0": "2.88.0-4.0.4",
        "@girs/gjs": "4.0.4",
        "@girs/glib-2.0": "2.88.0-4.0.4",
        "@girs/gmodule-2.0": "2.0.0-4.0.4",
        "@girs/gobject-2.0": "2.88.0-4.0.4",
        "@girs/harfbuzz-0.0": "13.2.1-4.0.4",
        "@girs/pango-1.0": "1.57.1-4.0.4"
      }
    },
    "node_modules/@girs/gdkpixbuf-2.0": {
      "version": "2.0.0-4.0.4",
      "resolved": "https://registry.npmjs.org/@girs/gdkpixbuf-2.0/-/gdkpixbuf-2.0-2.0.0-4.0.4.tgz",
      "integrity": "sha512-EaACHntZ7Wei0jfT/vBfKvuXZ5c6zr6UlqghH/tofDu2XjIyBCAuIIWAwv0lI7xj44oGSMTzzCNkswVaNNUpDA==",
      "dev": true,
      "license": "MIT",
      "dependencies": {
        "@girs/gio-2.0": "2.88.0-4.0.4",
        "@girs/gjs": "4.0.4",
        "@girs/glib-2.0": "2.88.0-4.0.4",
        "@girs/gmodule-2.0": "2.0.0-4.0.4",
        "@girs/gobject-2.0": "2.88.0-4.0.4"
      }
    },
    "node_modules/@girs/gio-2.0": {
      "version": "2.88.0-4.0.4",
      "resolved": "https://registry.npmjs.org/@girs/gio-2.0/-/gio-2.0-2.88.0-4.0.4.tgz",
      "integrity": "sha512-RcEUDQm45rYqbcQzbGgBkKlU5+W5UJX2JKdCPGVF66rZXwNkG1bHiTVR14oYg6GB4jwmGue15ZSwX2u0n/X/FA==",
      "dev": true,
      "license": "MIT",
      "dependencies": {
        "@girs/gjs": "4.0.4",
        "@girs/glib-2.0": "2.88.0-4.0.4",
        "@girs/gmodule-2.0": "2.0.0-4.0.4",
        "@girs/gobject-2.0": "2.88.0-4.0.4"
      }
    },
    "node_modules/@girs/gjs": {
      "version": "4.0.4",
      "resolved": "https://registry.npmjs.org/@girs/gjs/-/gjs-4.0.4.tgz",
      "integrity": "sha512-Tgp5Jt3wenLcevB5n+DdH/jWmrRAgnL9ERvqRpiz3hup+NHdHDLp4HrlhyUqoEr37qknA3+El210bQdxbm5FuA==",
      "dev": true,
      "license": "MIT",
      "dependencies": {
        "@girs/cairo-1.0": "1.0.0-4.0.4",
        "@girs/gio-2.0": "2.88.0-4.0.4",
        "@girs/glib-2.0": "2.88.0-4.0.4",
        "@girs/gobject-2.0": "2.88.0-4.0.4"
      }
    },
    "node_modules/@girs/glib-2.0": {
      "version": "2.88.0-4.0.4",
      "resolved": "https://registry.npmjs.org/@girs/glib-2.0/-/glib-2.0-2.88.0-4.0.4.tgz",
      "integrity": "sha512-xJL43uQFKnULX6R+Jc/2IR2GjPHQL/jhj0KJvpPsX1zNzOFrudqYvrjeM/Yg8ByPxzZoW2R25ELmRzNXxeNjWQ==",
      "dev": true,
      "license": "MIT",
      "dependencies": {
        "@girs/gjs": "4.0.4",
        "@girs/gobject-2.0": "2.88.0-4.0.4"
      }
    },
    "node_modules/@girs/gmodule-2.0": {
      "version": "2.0.0-4.0.4",
      "resolved": "https://registry.npmjs.org/@girs/gmodule-2.0/-/gmodule-2.0-2.0.0-4.0.4.tgz",
      "integrity": "sha512-teRoTE8RlYk1aSpaYzxyV2Xgz4hn+qcU1UX+GmF+LK/F2sT1tKbYk6L7O7peWh1EK6+bCqx97ciIiylT7j97gQ==",
      "dev": true,
      "license": "MIT",
      "dependencies": {
        "@girs/gjs": "4.0.4",
        "@girs/glib-2.0": "2.88.0-4.0.4",
        "@girs/gobject-2.0": "2.88.0-4.0.4"
      }
    },
    "node_modules/@girs/gobject-2.0": {
      "version": "2.88.0-4.0.4",
      "resolved": "https://registry.npmjs.org/@girs/gobject-2.0/-/gobject-2.0-2.88.0-4.0.4.tgz",
      "integrity": "sha512-Cp6+TTANdOlUv0oy/WaLtoUWW0hu9vXgxDu0MDQczzg0GFV7HlVMVyjBp1L9Faz7WWYXjDB6LqPwNGnOxoXkQg==",
      "dev": true,
      "license": "MIT",
      "dependencies": {
        "@girs/gjs": "4.0.4",
        "@girs/glib-2.0": "2.88.0-4.0.4"
      }
    },
    "node_modules/@girs/gtk-3.0": {
      "version": "3.24.53-4.0.4",
      "resolved": "https://registry.npmjs.org/@girs/gtk-3.0/-/gtk-3.0-3.24.53-4.0.4.tgz",
      "integrity": "sha512-JEKMQ+12jGSYr7r7XEyY52xn3R3qX4QoCx9sW2FRIARSYpCz8Q+ww2C2rOhqtfzQPIwTlo/bXPr1KNu8d21t3A==",
      "dev": true,
      "license": "MIT",
      "dependencies": {
        "@girs/atk-1.0": "2.60.0-4.0.4",
        "@girs/cairo-1.0": "1.0.0-4.0.4",
        "@girs/freetype2-2.0": "2.0.0-4.0.4",
        "@girs/gdk-3.0": "3.24.53-4.0.4",
        "@girs/gdkpixbuf-2.0": "2.0.0-4.0.4",
        "@girs/gio-2.0": "2.88.0-4.0.4",
        "@girs/gjs": "4.0.4",
        "@girs/glib-2.0": "2.88.0-4.0.4",
        "@girs/gmodule-2.0": "2.0.0-4.0.4",
        "@girs/gobject-2.0": "2.88.0-4.0.4",
        "@girs/harfbuzz-0.0": "13.2.1-4.0.4",
        "@girs/pango-1.0": "1.57.1-4.0.4",
        "@girs/xlib-2.0": "2.0.0-4.0.4"
      }
    },
    "node_modules/@girs/harfbuzz-0.0": {
      "version": "13.2.1-4.0.4",
      "resolved": "https://registry.npmjs.org/@girs/harfbuzz-0.0/-/harfbuzz-0.0-13.2.1-4.0.4.tgz",
      "integrity": "sha512-gj7dqsJ8vRYowHI5jd8/0Otb1HfIRVwVNH/F63TnqFCLbAFiuCavjNRBfTFZ1d9eIvmuGK34IsYm0hI802Uogg==",
      "dev": true,
      "license": "MIT",
      "dependencies": {
        "@girs/freetype2-2.0": "2.0.0-4.0.4",
        "@girs/gjs": "4.0.4",
        "@girs/glib-2.0": "2.88.0-4.0.4",
        "@girs/gobject-2.0": "2.88.0-4.0.4"
      }
    },
    "node_modules/@girs/pango-1.0": {
      "version": "1.57.1-4.0.4",
      "resolved": "https://registry.npmjs.org/@girs/pango-1.0/-/pango-1.0-1.57.1-4.0.4.tgz",
      "integrity": "sha512-mN2MinF+2dkqHLquOIgQW7Q3GbW7wz/spQMOMtAwXuXMcfk8ZAtJl1ZQOEDh1NBZeSAM4Th46tH76+5OO9aJoA==",
      "dev": true,
      "license": "MIT",
      "dependencies": {
        "@girs/cairo-1.0": "1.0.0-4.0.4",
        "@girs/freetype2-2.0": "2.0.0-4.0.4",
        "@girs/gio-2.0": "2.88.0-4.0.4",
        "@girs/gjs": "4.0.4",
        "@girs/glib-2.0": "2.88.0-4.0.4",
        "@girs/gmodule-2.0": "2.0.0-4.0.4",
        "@girs/gobject-2.0": "2.88.0-4.0.4",
        "@girs/harfbuzz-0.0": "13.2.1-4.0.4"
      }
    },
    "node_modules/@girs/xlib-2.0": {
      "version": "2.0.0-4.0.4",
      "resolved": "https://registry.npmjs.org/@girs/xlib-2.0/-/xlib-2.0-2.0.0-4.0.4.tgz",
      "integrity": "sha512-jTy86w6kTFkSCU1/pJn3gSkLkJ8fADPatuIf24daz7m1nyozstPfdByzD7CFtSzu5Sn1cmy8OKuCwcS6vcpmVw==",
      "dev": true,
      "license": "MIT",
      "dependencies": {
        "@girs/gjs": "4.0.4",
        "@girs/gobject-2.0": "2.88.0-4.0.4"
      }
    },
    "node_modules/ags": {
      "resolved": "../../../../usr/local/share/ags/js",
      "link": true
    },
    "node_modules/gnim": {
      "resolved": "../../../../usr/local/share/ags/js/node_modules/gnim",
      "link": true
    }
  }
}
